{
  "name": "ar-rafeeq4",
  "version": "4.0.0",
  "lockfileVersion": 3,
  "requires": true,
  "packages": {
    "": {
      "name": "ar-rafeeq4",
      "version": "4.0.0",
      "dependencies": {
        "@capacitor/core": "^8.0.0",
        "@capacitor/local-notifications": "^8.0.0"
      },
      "devDependencies": {
        "@capacitor/android": "^8.0.0",
        "@capacitor/cli": "^8.0.0"
      }
    }
  }
}
